
Microsoft Visual Studio Solution File, Format Version 12.00
# Visual Studio 14
VisualStudioVersion = 14.0.25123.0
MinimumVisualStudioVersion = 10.0.40219.1
Project("{2150E333-8FDC-42A3-9474-1A3956D46DE8}") = "SharedLib", "SharedLib", "{F8B05487-FF3E-48CC-B589-88A42F1394DE}"
	ProjectSection(SolutionItems) = preProject
		SharedLib\EntityFramework.dll = SharedLib\EntityFramework.dll
		SharedLib\Kendo.Mvc.dll = SharedLib\Kendo.Mvc.dll
		SharedLib\Microsoft.Practices.ServiceLocation.dll = SharedLib\Microsoft.Practices.ServiceLocation.dll
		SharedLib\Microsoft.Practices.Unity.dll = SharedLib\Microsoft.Practices.Unity.dll
		SharedLib\Oracle.DataAccess.dll = SharedLib\Oracle.DataAccess.dll
		SharedLib\Topshelf.dll = SharedLib\Topshelf.dll
	EndProjectSection
EndProject
Project("{FAE04EC0-301F-11D3-BF4B-00C04F79EFBC}") = "BsmBL", "BsmBL\BsmBL.csproj", "{E2FD3825-12DE-4C45-9D22-D18E08B64CC8}"
EndProject
Project("{FAE04EC0-301F-11D3-BF4B-00C04F79EFBC}") = "BsmCommon", "BsmCommon\BsmCommon.csproj", "{57D004F7-194B-4758-984C-49F1C77F69BF}"
EndProject
Project("{FAE04EC0-301F-11D3-BF4B-00C04F79EFBC}") = "Egged.Infrastructure", "Egged.Infrastructure\Egged.Infrastructure.csproj", "{A414C1F8-0C57-4ECF-A356-2F23B257E9A1}"
EndProject
Project("{2150E333-8FDC-42A3-9474-1A3956D46DE8}") = "Tests", "Tests", "{7195885B-DF3F-4D48-B4CA-1FBBD0A452B9}"
EndProject
Project("{FAE04EC0-301F-11D3-BF4B-00C04F79EFBC}") = "BLTests", "Tests\BLTests\BLTests.csproj", "{C61CC266-FA7C-41D6-BCBC-7A1889B42113}"
EndProject
Project("{2150E333-8FDC-42A3-9474-1A3956D46DE8}") = "Infrastructure", "Infrastructure", "{CEA86DD8-9BD3-48FB-B4A9-34C8A3EEA221}"
EndProject
Project("{FAE04EC0-301F-11D3-BF4B-00C04F79EFBC}") = "CacheInfra", "Infrastructure\CacheInfra\CacheInfra.csproj", "{D6968B94-1A4F-4F26-8095-5297AF0E0E83}"
EndProject
Project("{FAE04EC0-301F-11D3-BF4B-00C04F79EFBC}") = "DalOraInfra", "DalOraInfra\DalOraInfra.csproj", "{C9B59C0B-A7C3-433A-9C5C-C11EB2E8EA7F}"
EndProject
Project("{FAE04EC0-301F-11D3-BF4B-00C04F79EFBC}") = "BsmWebApp", "BsmWebApp\BsmWebApp.csproj", "{97855240-CC49-475F-A96F-2C416FE3DF60}"
EndProject
Project("{FAE04EC0-301F-11D3-BF4B-00C04F79EFBC}") = "InfrastructureLogs", "Infrastructure\InfrastructureLogs\InfrastructureLogs.csproj", "{E679DFB2-FF85-4ACF-B63F-65567DBFCA4F}"
EndProject
Global
	GlobalSection(SolutionConfigurationPlatforms) = preSolution
		Debug|Any CPU = Debug|Any CPU
		Release|Any CPU = Release|Any CPU
		Test|Any CPU = Test|Any CPU
	EndGlobalSection
	GlobalSection(ProjectConfigurationPlatforms) = postSolution
		{E2FD3825-12DE-4C45-9D22-D18E08B64CC8}.Debug|Any CPU.ActiveCfg = Debug|Any CPU
		{E2FD3825-12DE-4C45-9D22-D18E08B64CC8}.Debug|Any CPU.Build.0 = Debug|Any CPU
		{E2FD3825-12DE-4C45-9D22-D18E08B64CC8}.Release|Any CPU.ActiveCfg = Release|Any CPU
		{E2FD3825-12DE-4C45-9D22-D18E08B64CC8}.Release|Any CPU.Build.0 = Release|Any CPU
		{E2FD3825-12DE-4C45-9D22-D18E08B64CC8}.Test|Any CPU.ActiveCfg = Test|Any CPU
		{E2FD3825-12DE-4C45-9D22-D18E08B64CC8}.Test|Any CPU.Build.0 = Test|Any CPU
		{57D004F7-194B-4758-984C-49F1C77F69BF}.Debug|Any CPU.ActiveCfg = Debug|Any CPU
		{57D004F7-194B-4758-984C-49F1C77F69BF}.Debug|Any CPU.Build.0 = Debug|Any CPU
		{57D004F7-194B-4758-984C-49F1C77F69BF}.Release|Any CPU.ActiveCfg = Release|Any CPU
		{57D004F7-194B-4758-984C-49F1C77F69BF}.Release|Any CPU.Build.0 = Release|Any CPU
		{57D004F7-194B-4758-984C-49F1C77F69BF}.Test|Any CPU.ActiveCfg = Test|Any CPU
		{57D004F7-194B-4758-984C-49F1C77F69BF}.Test|Any CPU.Build.0 = Test|Any CPU
		{A414C1F8-0C57-4ECF-A356-2F23B257E9A1}.Debug|Any CPU.ActiveCfg = Debug|Any CPU
		{A414C1F8-0C57-4ECF-A356-2F23B257E9A1}.Debug|Any CPU.Build.0 = Debug|Any CPU
		{A414C1F8-0C57-4ECF-A356-2F23B257E9A1}.Release|Any CPU.ActiveCfg = Release|Any CPU
		{A414C1F8-0C57-4ECF-A356-2F23B257E9A1}.Release|Any CPU.Build.0 = Release|Any CPU
		{A414C1F8-0C57-4ECF-A356-2F23B257E9A1}.Test|Any CPU.ActiveCfg = Test|Any CPU
		{A414C1F8-0C57-4ECF-A356-2F23B257E9A1}.Test|Any CPU.Build.0 = Test|Any CPU
		{C61CC266-FA7C-41D6-BCBC-7A1889B42113}.Debug|Any CPU.ActiveCfg = Debug|Any CPU
		{C61CC266-FA7C-41D6-BCBC-7A1889B42113}.Debug|Any CPU.Build.0 = Debug|Any CPU
		{C61CC266-FA7C-41D6-BCBC-7A1889B42113}.Release|Any CPU.ActiveCfg = Release|Any CPU
		{C61CC266-FA7C-41D6-BCBC-7A1889B42113}.Release|Any CPU.Build.0 = Release|Any CPU
		{C61CC266-FA7C-41D6-BCBC-7A1889B42113}.Test|Any CPU.ActiveCfg = Test|Any CPU
		{C61CC266-FA7C-41D6-BCBC-7A1889B42113}.Test|Any CPU.Build.0 = Test|Any CPU
		{D6968B94-1A4F-4F26-8095-5297AF0E0E83}.Debug|Any CPU.ActiveCfg = Debug|Any CPU
		{D6968B94-1A4F-4F26-8095-5297AF0E0E83}.Debug|Any CPU.Build.0 = Debug|Any CPU
		{D6968B94-1A4F-4F26-8095-5297AF0E0E83}.Release|Any CPU.ActiveCfg = Release|Any CPU
		{D6968B94-1A4F-4F26-8095-5297AF0E0E83}.Release|Any CPU.Build.0 = Release|Any CPU
		{D6968B94-1A4F-4F26-8095-5297AF0E0E83}.Test|Any CPU.ActiveCfg = Test|Any CPU
		{D6968B94-1A4F-4F26-8095-5297AF0E0E83}.Test|Any CPU.Build.0 = Test|Any CPU
		{C9B59C0B-A7C3-433A-9C5C-C11EB2E8EA7F}.Debug|Any CPU.ActiveCfg = Debug|Any CPU
		{C9B59C0B-A7C3-433A-9C5C-C11EB2E8EA7F}.Debug|Any CPU.Build.0 = Debug|Any CPU
		{C9B59C0B-A7C3-433A-9C5C-C11EB2E8EA7F}.Release|Any CPU.ActiveCfg = Release|Any CPU
		{C9B59C0B-A7C3-433A-9C5C-C11EB2E8EA7F}.Release|Any CPU.Build.0 = Release|Any CPU
		{C9B59C0B-A7C3-433A-9C5C-C11EB2E8EA7F}.Test|Any CPU.ActiveCfg = Test|Any CPU
		{C9B59C0B-A7C3-433A-9C5C-C11EB2E8EA7F}.Test|Any CPU.Build.0 = Test|Any CPU
		{97855240-CC49-475F-A96F-2C416FE3DF60}.Debug|Any CPU.ActiveCfg = Debug|Any CPU
		{97855240-CC49-475F-A96F-2C416FE3DF60}.Debug|Any CPU.Build.0 = Debug|Any CPU
		{97855240-CC49-475F-A96F-2C416FE3DF60}.Release|Any CPU.ActiveCfg = Release|Any CPU
		{97855240-CC49-475F-A96F-2C416FE3DF60}.Release|Any CPU.Build.0 = Release|Any CPU
		{97855240-CC49-475F-A96F-2C416FE3DF60}.Test|Any CPU.ActiveCfg = Test|Any CPU
		{97855240-CC49-475F-A96F-2C416FE3DF60}.Test|Any CPU.Build.0 = Test|Any CPU
		{E679DFB2-FF85-4ACF-B63F-65567DBFCA4F}.Debug|Any CPU.ActiveCfg = Debug|Any CPU
		{E679DFB2-FF85-4ACF-B63F-65567DBFCA4F}.Debug|Any CPU.Build.0 = Debug|Any CPU
		{E679DFB2-FF85-4ACF-B63F-65567DBFCA4F}.Release|Any CPU.ActiveCfg = Release|Any CPU
		{E679DFB2-FF85-4ACF-B63F-65567DBFCA4F}.Release|Any CPU.Build.0 = Release|Any CPU
		{E679DFB2-FF85-4ACF-B63F-65567DBFCA4F}.Test|Any CPU.ActiveCfg = Test|Any CPU
		{E679DFB2-FF85-4ACF-B63F-65567DBFCA4F}.Test|Any CPU.Build.0 = Test|Any CPU
	EndGlobalSection
	GlobalSection(SolutionProperties) = preSolution
		HideSolutionNode = FALSE
	EndGlobalSection
	GlobalSection(NestedProjects) = preSolution
		{A414C1F8-0C57-4ECF-A356-2F23B257E9A1} = {CEA86DD8-9BD3-48FB-B4A9-34C8A3EEA221}
		{C61CC266-FA7C-41D6-BCBC-7A1889B42113} = {7195885B-DF3F-4D48-B4CA-1FBBD0A452B9}
		{D6968B94-1A4F-4F26-8095-5297AF0E0E83} = {CEA86DD8-9BD3-48FB-B4A9-34C8A3EEA221}
		{C9B59C0B-A7C3-433A-9C5C-C11EB2E8EA7F} = {CEA86DD8-9BD3-48FB-B4A9-34C8A3EEA221}
		{E679DFB2-FF85-4ACF-B63F-65567DBFCA4F} = {CEA86DD8-9BD3-48FB-B4A9-34C8A3EEA221}
	EndGlobalSection
	GlobalSection(TeamFoundationVersionControl) = preSolution
		SccNumberOfProjects = 9
		SccEnterpriseProvider = {4CA58AB2-18FA-4F8D-95D4-32DDF27D184C}
		SccTeamFoundationServer = http://tfssrv2015:8080/tfs/ksafimcollection
		SccLocalPath0 = .
		SccProjectUniqueName1 = BsmBL\\BsmBL.csproj
		SccProjectName1 = BsmBL
		SccLocalPath1 = BsmBL
		SccProjectUniqueName2 = BsmCommon\\BsmCommon.csproj
		SccProjectName2 = BsmCommon
		SccLocalPath2 = BsmCommon
		SccProjectUniqueName3 = Egged.Infrastructure\\Egged.Infrastructure.csproj
		SccProjectTopLevelParentUniqueName3 = Bsm.sln
		SccProjectName3 = Egged.Infrastructure
		SccLocalPath3 = Egged.Infrastructure
		SccProjectUniqueName4 = Tests\\BLTests\\BLTests.csproj
		SccProjectTopLevelParentUniqueName4 = Bsm.sln
		SccProjectName4 = Tests/BLTests
		SccLocalPath4 = Tests\\BLTests
		SccProjectUniqueName5 = Infrastructure\\CacheInfra\\CacheInfra.csproj
		SccProjectTopLevelParentUniqueName5 = Bsm.sln
		SccProjectName5 = Infrastructure/CacheInfra
		SccLocalPath5 = Infrastructure\\CacheInfra
		SccProjectUniqueName6 = DalOraInfra\\DalOraInfra.csproj
		SccProjectTopLevelParentUniqueName6 = Bsm.sln
		SccProjectName6 = DalOraInfra
		SccLocalPath6 = DalOraInfra
		SccProjectUniqueName7 = BsmWebApp\\BsmWebApp.csproj
		SccProjectName7 = BsmWebApp
		SccLocalPath7 = BsmWebApp
		SccProjectUniqueName8 = Infrastructure\\InfrastructureLogs\\InfrastructureLogs.csproj
		SccProjectTopLevelParentUniqueName8 = Bsm.sln
		SccProjectName8 = Infrastructure/InfrastructureLogs
		SccLocalPath8 = Infrastructure\\InfrastructureLogs
	EndGlobalSection
EndGlobal
